
Microsoft Visual Studio Solution File, Format Version 12.00
# Visual Studio Version 16
VisualStudioVersion = 16.0.31229.75
MinimumVisualStudioVersion = 10.0.40219.1
Project("{9A19103F-16F7-4668-BE54-9A1E7A4F7556}") = "GraphQLDemo-HotChocolate", "GraphQLDemo-HotChocolate\GraphQLDemo-HotChocolate.csproj", "{1C262917-536A-4A47-BC47-A3C8B4CBB532}"
EndProject
Project("{FAE04EC0-301F-11D3-BF4B-00C04F79EFBC}") = "VS-2019-BugWorkAround", "VS-2019-BugWorkAround\VS-2019-BugWorkAround.csproj", "{7A759DC0-96CD-4BDA-BD4E-4FF056B87CC4}"
EndProject
Global
	GlobalSection(SolutionConfigurationPlatforms) = preSolution
		Debug|Any CPU = Debug|Any CPU
		Release|Any CPU = Release|Any CPU
	EndGlobalSection
	GlobalSection(ProjectConfigurationPlatforms) = postSolution
		{1C262917-536A-4A47-BC47-A3C8B4CBB532}.Debug|Any CPU.ActiveCfg = Debug|Any CPU
		{1C262917-536A-4A47-BC47-A3C8B4CBB532}.Debug|Any CPU.Build.0 = Debug|Any CPU
		{1C262917-536A-4A47-BC47-A3C8B4CBB532}.Release|Any CPU.ActiveCfg = Release|Any CPU
		{1C262917-536A-4A47-BC47-A3C8B4CBB532}.Release|Any CPU.Build.0 = Release|Any CPU
		{7A759DC0-96CD-4BDA-BD4E-4FF056B87CC4}.Debug|Any CPU.ActiveCfg = Debug|Any CPU
		{7A759DC0-96CD-4BDA-BD4E-4FF056B87CC4}.Debug|Any CPU.Build.0 = Debug|Any CPU
		{7A759DC0-96CD-4BDA-BD4E-4FF056B87CC4}.Release|Any CPU.ActiveCfg = Release|Any CPU
		{7A759DC0-96CD-4BDA-BD4E-4FF056B87CC4}.Release|Any CPU.Build.0 = Release|Any CPU
	EndGlobalSection
	GlobalSection(SolutionProperties) = preSolution
		HideSolutionNode = FALSE
	EndGlobalSection
	GlobalSection(ExtensibilityGlobals) = postSolution
		SolutionGuid = {D612746B-0DDB-49AB-A3E7-365CBDA03D4E}
	EndGlobalSection
EndGlobal
